
Microsoft Visual Studio Solution File, Format Version 12.00
# Visual Studio Version 17
VisualStudioVersion = 17.12.35527.113
MinimumVisualStudioVersion = 10.0.40219.1
Project("{2150E333-8FDC-42A3-9474-1A3956D46DE8}") = "src", "src", "{5446ABD6-5565-4FB4-A385-AD513B6B0A35}"
EndProject
Project("{2150E333-8FDC-42A3-9474-1A3956D46DE8}") = "services", "services", "{79824B93-D6B3-493B-9342-3323F9A01FF1}"
EndProject
Project("{2150E333-8FDC-42A3-9474-1A3956D46DE8}") = "catalog", "catalog", "{A55F5896-A9F2-4A66-B503-5A3C239B48FE}"
EndProject
Project("{FAE04EC0-301F-11D3-BF4B-00C04F79EFBC}") = "Microservice.Catalog.Api", "Microservice.Catalog.Api\Microservice.Catalog.Api.csproj", "{7819AB4E-00D4-4C52-AF09-DB7B0AC40279}"
EndProject
Project("{E53339B2-1760-4266-BCC7-CA923CBCF16C}") = "docker-compose", "docker-compose.dcproj", "{5BAB80EE-892B-4E58-845C-331F931374FC}"
EndProject
Project("{2150E333-8FDC-42A3-9474-1A3956D46DE8}") = "shared", "shared", "{AC8F3BD3-0993-4C1B-BF88-7E088AAE717C}"
EndProject
Project("{FAE04EC0-301F-11D3-BF4B-00C04F79EFBC}") = "Microservice.Shared", "..\Microservice.Shared\Microservice.Shared.csproj", "{0D000064-0E22-423D-96D7-5E5C6A1C5F48}"
EndProject
Global
	GlobalSection(SolutionConfigurationPlatforms) = preSolution
		Debug|Any CPU = Debug|Any CPU
		Release|Any CPU = Release|Any CPU
	EndGlobalSection
	GlobalSection(ProjectConfigurationPlatforms) = postSolution
		{7819AB4E-00D4-4C52-AF09-DB7B0AC40279}.Debug|Any CPU.ActiveCfg = Debug|Any CPU
		{7819AB4E-00D4-4C52-AF09-DB7B0AC40279}.Debug|Any CPU.Build.0 = Debug|Any CPU
		{7819AB4E-00D4-4C52-AF09-DB7B0AC40279}.Release|Any CPU.ActiveCfg = Release|Any CPU
		{7819AB4E-00D4-4C52-AF09-DB7B0AC40279}.Release|Any CPU.Build.0 = Release|Any CPU
		{5BAB80EE-892B-4E58-845C-331F931374FC}.Debug|Any CPU.ActiveCfg = Debug|Any CPU
		{5BAB80EE-892B-4E58-845C-331F931374FC}.Debug|Any CPU.Build.0 = Debug|Any CPU
		{5BAB80EE-892B-4E58-845C-331F931374FC}.Release|Any CPU.ActiveCfg = Release|Any CPU
		{5BAB80EE-892B-4E58-845C-331F931374FC}.Release|Any CPU.Build.0 = Release|Any CPU
		{0D000064-0E22-423D-96D7-5E5C6A1C5F48}.Debug|Any CPU.ActiveCfg = Debug|Any CPU
		{0D000064-0E22-423D-96D7-5E5C6A1C5F48}.Debug|Any CPU.Build.0 = Debug|Any CPU
		{0D000064-0E22-423D-96D7-5E5C6A1C5F48}.Release|Any CPU.ActiveCfg = Release|Any CPU
		{0D000064-0E22-423D-96D7-5E5C6A1C5F48}.Release|Any CPU.Build.0 = Release|Any CPU
	EndGlobalSection
	GlobalSection(SolutionProperties) = preSolution
		HideSolutionNode = FALSE
	EndGlobalSection
	GlobalSection(NestedProjects) = preSolution
		{79824B93-D6B3-493B-9342-3323F9A01FF1} = {5446ABD6-5565-4FB4-A385-AD513B6B0A35}
		{A55F5896-A9F2-4A66-B503-5A3C239B48FE} = {79824B93-D6B3-493B-9342-3323F9A01FF1}
		{7819AB4E-00D4-4C52-AF09-DB7B0AC40279} = {A55F5896-A9F2-4A66-B503-5A3C239B48FE}
		{AC8F3BD3-0993-4C1B-BF88-7E088AAE717C} = {5446ABD6-5565-4FB4-A385-AD513B6B0A35}
		{0D000064-0E22-423D-96D7-5E5C6A1C5F48} = {AC8F3BD3-0993-4C1B-BF88-7E088AAE717C}
	EndGlobalSection
EndGlobal
